
Microsoft Visual Studio Solution File, Format Version 12.00
# Visual Studio Version 16
VisualStudioVersion = 16.0.29201.188
MinimumVisualStudioVersion = 10.0.40219.1
Project("{FAE04EC0-301F-11D3-BF4B-00C04F79EFBC}") = "loadingStation", "loadingStation\loadingStation.csproj", "{256B2054-AC91-40ED-A9E2-ABF650FF179A}"
EndProject
Project("{FAE04EC0-301F-11D3-BF4B-00C04F79EFBC}") = "updater", "updater\updater.csproj", "{A3EA2397-9446-4FF1-9B5F-D93BE49D35AF}"
EndProject
Global
	GlobalSection(SolutionConfigurationPlatforms) = preSolution
		Debug|Any CPU = Debug|Any CPU
		Debug|x64 = Debug|x64
		Release|Any CPU = Release|Any CPU
		Release|x64 = Release|x64
	EndGlobalSection
	GlobalSection(ProjectConfigurationPlatforms) = postSolution
		{256B2054-AC91-40ED-A9E2-ABF650FF179A}.Debug|Any CPU.ActiveCfg = Debug|Any CPU
		{256B2054-AC91-40ED-A9E2-ABF650FF179A}.Debug|Any CPU.Build.0 = Debug|Any CPU
		{256B2054-AC91-40ED-A9E2-ABF650FF179A}.Debug|x64.ActiveCfg = Debug|x64
		{256B2054-AC91-40ED-A9E2-ABF650FF179A}.Debug|x64.Build.0 = Debug|x64
		{256B2054-AC91-40ED-A9E2-ABF650FF179A}.Release|Any CPU.ActiveCfg = Release|Any CPU
		{256B2054-AC91-40ED-A9E2-ABF650FF179A}.Release|Any CPU.Build.0 = Release|Any CPU
		{256B2054-AC91-40ED-A9E2-ABF650FF179A}.Release|x64.ActiveCfg = Release|Any CPU
		{256B2054-AC91-40ED-A9E2-ABF650FF179A}.Release|x64.Build.0 = Release|Any CPU
		{A3EA2397-9446-4FF1-9B5F-D93BE49D35AF}.Debug|Any CPU.ActiveCfg = Debug|Any CPU
		{A3EA2397-9446-4FF1-9B5F-D93BE49D35AF}.Debug|Any CPU.Build.0 = Debug|Any CPU
		{A3EA2397-9446-4FF1-9B5F-D93BE49D35AF}.Debug|x64.ActiveCfg = Debug|Any CPU
		{A3EA2397-9446-4FF1-9B5F-D93BE49D35AF}.Debug|x64.Build.0 = Debug|Any CPU
		{A3EA2397-9446-4FF1-9B5F-D93BE49D35AF}.Release|Any CPU.ActiveCfg = Release|Any CPU
		{A3EA2397-9446-4FF1-9B5F-D93BE49D35AF}.Release|Any CPU.Build.0 = Release|Any CPU
		{A3EA2397-9446-4FF1-9B5F-D93BE49D35AF}.Release|x64.ActiveCfg = Release|Any CPU
		{A3EA2397-9446-4FF1-9B5F-D93BE49D35AF}.Release|x64.Build.0 = Release|Any CPU
	EndGlobalSection
	GlobalSection(SolutionProperties) = preSolution
		HideSolutionNode = FALSE
	EndGlobalSection
	GlobalSection(ExtensibilityGlobals) = postSolution
		SolutionGuid = {05F9AC15-86C9-4FFE-89AE-CEB9CA4EF7E2}
	EndGlobalSection
EndGlobal
